
Microsoft Visual Studio Solution File, Format Version 12.00
# Visual Studio Version 17
VisualStudioVersion = 17.11.35208.52
MinimumVisualStudioVersion = 10.0.40219.1
Project("{FAE04EC0-301F-11D3-BF4B-00C04F79EFBC}") = "MyVkApp", "MyVkApp\MyVkApp.csproj", "{28DB558A-8D0C-4471-913F-1EA39F2AAE90}"
EndProject
Global
	GlobalSection(SolutionConfigurationPlatforms) = preSolution
		Debug|Any CPU = Debug|Any CPU
		Release|Any CPU = Release|Any CPU
	EndGlobalSection
	GlobalSection(ProjectConfigurationPlatforms) = postSolution
		{28DB558A-8D0C-4471-913F-1EA39F2AAE90}.Debug|Any CPU.ActiveCfg = Debug|Any CPU
		{28DB558A-8D0C-4471-913F-1EA39F2AAE90}.Debug|Any CPU.Build.0 = Debug|Any CPU
		{28DB558A-8D0C-4471-913F-1EA39F2AAE90}.Release|Any CPU.ActiveCfg = Release|Any CPU
		{28DB558A-8D0C-4471-913F-1EA39F2AAE90}.Release|Any CPU.Build.0 = Release|Any CPU
	EndGlobalSection
	GlobalSection(SolutionProperties) = preSolution
		HideSolutionNode = FALSE
	EndGlobalSection
	GlobalSection(ExtensibilityGlobals) = postSolution
		SolutionGuid = {533A8A51-EA88-45C1-BACD-A6597AB45A3A}
	EndGlobalSection
EndGlobal
